// !$*UTF8*$!
{
	archiveVersion = 1;
	classes = {
	};
	objectVersion = 46;
	objects = {

/* Begin PBXBuildFile section */
		19CFFE0A1E6AF5990053BDEC /* PlaybackSlider.framework in Frameworks */ = {isa = PBXBuildFile; fileRef = 19CFFE001E6AF5990053BDEC /* PlaybackSlider.framework */; };
		19CFFE0F1E6AF5990053BDEC /* PlaybackSliderTests.swift in Sources */ = {isa = PBXBuildFile; fileRef = 19CFFE0E1E6AF5990053BDEC /* PlaybackSliderTests.swift */; };
		19CFFE111E6AF5990053BDEC /* PlaybackSlider.h in Headers */ = {isa = PBXBuildFile; fileRef = 19CFFE031E6AF5990053BDEC /* PlaybackSlider.h */; settings = {ATTRIBUTES = (Public, ); }; };
		19CFFE4E1E6AFCDF0053BDEC /* PlaybackSlider.swift in Sources */ = {isa = PBXBuildFile; fileRef = 19CFFE4D1E6AFCDF0053BDEC /* PlaybackSlider.swift */; };
		19CFFE561E6AFDA20053BDEC /* AppDelegate.swift in Sources */ = {isa = PBXBuildFile; fileRef = 19CFFE551E6AFDA20053BDEC /* AppDelegate.swift */; };
		19CFFE581E6AFDA20053BDEC /* ViewController.swift in Sources */ = {isa = PBXBuildFile; fileRef = 19CFFE571E6AFDA20053BDEC /* ViewController.swift */; };
		19CFFE5A1E6AFDA20053BDEC /* Assets.xcassets in Resources */ = {isa = PBXBuildFile; fileRef = 19CFFE591E6AFDA20053BDEC /* Assets.xcassets */; };
		19CFFE5D1E6AFDA20053BDEC /* Main.storyboard in Resources */ = {isa = PBXBuildFile; fileRef = 19CFFE5B1E6AFDA20053BDEC /* Main.storyboard */; };
		19CFFE651E6B007A0053BDEC /* CachedSegment.swift in Sources */ = {isa = PBXBuildFile; fileRef = 19CFFE641E6B007A0053BDEC /* CachedSegment.swift */; };
		19CFFE661E6B01F20053BDEC /* PlaybackSlider.framework in Frameworks */ = {isa = PBXBuildFile; fileRef = 19CFFE001E6AF5990053BDEC /* PlaybackSlider.framework */; };
		19CFFE681E6B03890053BDEC /* PlaybackSlider.podspec in Resources */ = {isa = PBXBuildFile; fileRef = 19CFFE671E6B03890053BDEC /* PlaybackSlider.podspec */; };
/* End PBXBuildFile section */

/* Begin PBXContainerItemProxy section */
		19CFFE0B1E6AF5990053BDEC /* PBXContainerItemProxy */ = {
			isa = PBXContainerItemProxy;
			containerPortal = 19CFFDF51E6AF21E0053BDEC /* Project object */;
			proxyType = 1;
			remoteGlobalIDString = 19CFFDFF1E6AF5990053BDEC;
			remoteInfo = PlaybackSlider;
		};
		19CFFE621E6AFDD70053BDEC /* PBXContainerItemProxy */ = {
			isa = PBXContainerItemProxy;
			containerPortal = 19CFFDF51E6AF21E0053BDEC /* Project object */;
			proxyType = 1;
			remoteGlobalIDString = 19CFFDFF1E6AF5990053BDEC;
			remoteInfo = PlaybackSlider;
		};
/* End PBXContainerItemProxy section */

/* Begin PBXFileReference section */
		19CFFE001E6AF5990053BDEC /* PlaybackSlider.framework */ = {isa = PBXFileReference; explicitFileType = wrapper.framework; includeInIndex = 0; path = PlaybackSlider.framework; sourceTree = BUILT_PRODUCTS_DIR; };
		19CFFE031E6AF5990053BDEC /* PlaybackSlider.h */ = {isa = PBXFileReference; lastKnownFileType = sourcecode.c.h; path = PlaybackSlider.h; sourceTree = "<group>"; };
		19CFFE041E6AF5990053BDEC /* Info.plist */ = {isa = PBXFileReference; lastKnownFileType = text.plist.xml; path = Info.plist; sourceTree = "<group>"; };
		19CFFE091E6AF5990053BDEC /* PlaybackSliderTests.xctest */ = {isa = PBXFileReference; explicitFileType = wrapper.cfbundle; includeInIndex = 0; path = PlaybackSliderTests.xctest; sourceTree = BUILT_PRODUCTS_DIR; };
		19CFFE0E1E6AF5990053BDEC /* PlaybackSliderTests.swift */ = {isa = PBXFileReference; lastKnownFileType = sourcecode.swift; path = PlaybackSliderTests.swift; sourceTree = "<group>"; };
		19CFFE101E6AF5990053BDEC /* Info.plist */ = {isa = PBXFileReference; lastKnownFileType = text.plist.xml; path = Info.plist; sourceTree = "<group>"; };
		19CFFE4D1E6AFCDF0053BDEC /* PlaybackSlider.swift */ = {isa = PBXFileReference; fileEncoding = 4; lastKnownFileType = sourcecode.swift; path = PlaybackSlider.swift; sourceTree = "<group>"; };
		19CFFE531E6AFDA20053BDEC /* PlaybackSliderDev.app */ = {isa = PBXFileReference; explicitFileType = wrapper.application; includeInIndex = 0; path = PlaybackSliderDev.app; sourceTree = BUILT_PRODUCTS_DIR; };
		19CFFE551E6AFDA20053BDEC /* AppDelegate.swift */ = {isa = PBXFileReference; lastKnownFileType = sourcecode.swift; path = AppDelegate.swift; sourceTree = "<group>"; };
		19CFFE571E6AFDA20053BDEC /* ViewController.swift */ = {isa = PBXFileReference; lastKnownFileType = sourcecode.swift; path = ViewController.swift; sourceTree = "<group>"; };
		19CFFE591E6AFDA20053BDEC /* Assets.xcassets */ = {isa = PBXFileReference; lastKnownFileType = folder.assetcatalog; path = Assets.xcassets; sourceTree = "<group>"; };
		19CFFE5C1E6AFDA20053BDEC /* Base */ = {isa = PBXFileReference; lastKnownFileType = file.storyboard; name = Base; path = Base.lproj/Main.storyboard; sourceTree = "<group>"; };
		19CFFE5E1E6AFDA20053BDEC /* Info.plist */ = {isa = PBXFileReference; lastKnownFileType = text.plist.xml; path = Info.plist; sourceTree = "<group>"; };
		19CFFE641E6B007A0053BDEC /* CachedSegment.swift */ = {isa = PBXFileReference; fileEncoding = 4; lastKnownFileType = sourcecode.swift; path = CachedSegment.swift; sourceTree = "<group>"; };
		19CFFE671E6B03890053BDEC /* PlaybackSlider.podspec */ = {isa = PBXFileReference; fileEncoding = 4; lastKnownFileType = text; path = PlaybackSlider.podspec; sourceTree = "<group>"; };
/* End PBXFileReference section */

/* Begin PBXFrameworksBuildPhase section */
		19CFFDFC1E6AF5990053BDEC /* Frameworks */ = {
			isa = PBXFrameworksBuildPhase;
			buildActionMask = 2147483647;
			files = (
			);
			runOnlyForDeploymentPostprocessing = 0;
		};
		19CFFE061E6AF5990053BDEC /* Frameworks */ = {
			isa = PBXFrameworksBuildPhase;
			buildActionMask = 2147483647;
			files = (
				19CFFE0A1E6AF5990053BDEC /* PlaybackSlider.framework in Frameworks */,
			);
			runOnlyForDeploymentPostprocessing = 0;
		};
		19CFFE501E6AFDA20053BDEC /* Frameworks */ = {
			isa = PBXFrameworksBuildPhase;
			buildActionMask = 2147483647;
			files = (
				19CFFE661E6B01F20053BDEC /* PlaybackSlider.framework in Frameworks */,
			);
			runOnlyForDeploymentPostprocessing = 0;
		};
/* End PBXFrameworksBuildPhase section */

/* Begin PBXGroup section */
		19CFFDF41E6AF21E0053BDEC = {
			isa = PBXGroup;
			children = (
				19CFFE2B1E6AFA7D0053BDEC /* Metadata */,
				19CFFE021E6AF5990053BDEC /* PlaybackSlider */,
				19CFFE0D1E6AF5990053BDEC /* PlaybackSliderTests */,
				19CFFE541E6AFDA20053BDEC /* PlaybackSliderDev */,
				19CFFE011E6AF5990053BDEC /* Products */,
			);
			sourceTree = "<group>";
		};
		19CFFE011E6AF5990053BDEC /* Products */ = {
			isa = PBXGroup;
			children = (
				19CFFE001E6AF5990053BDEC /* PlaybackSlider.framework */,
				19CFFE091E6AF5990053BDEC /* PlaybackSliderTests.xctest */,
				19CFFE531E6AFDA20053BDEC /* PlaybackSliderDev.app */,
			);
			name = Products;
			sourceTree = "<group>";
		};
		19CFFE021E6AF5990053BDEC /* PlaybackSlider */ = {
			isa = PBXGroup;
			children = (
				19CFFE031E6AF5990053BDEC /* PlaybackSlider.h */,
				19CFFE041E6AF5990053BDEC /* Info.plist */,
				19CFFE4D1E6AFCDF0053BDEC /* PlaybackSlider.swift */,
				19CFFE641E6B007A0053BDEC /* CachedSegment.swift */,
			);
			path = PlaybackSlider;
			sourceTree = "<group>";
		};
		19CFFE0D1E6AF5990053BDEC /* PlaybackSliderTests */ = {
			isa = PBXGroup;
			children = (
				19CFFE0E1E6AF5990053BDEC /* PlaybackSliderTests.swift */,
				19CFFE101E6AF5990053BDEC /* Info.plist */,
			);
			path = PlaybackSliderTests;
			sourceTree = "<group>";
		};
		19CFFE2B1E6AFA7D0053BDEC /* Metadata */ = {
			isa = PBXGroup;
			children = (
				19CFFE671E6B03890053BDEC /* PlaybackSlider.podspec */,
			);
			name = Metadata;
			sourceTree = "<group>";
		};
		19CFFE541E6AFDA20053BDEC /* PlaybackSliderDev */ = {
			isa = PBXGroup;
			children = (
				19CFFE551E6AFDA20053BDEC /* AppDelegate.swift */,
				19CFFE571E6AFDA20053BDEC /* ViewController.swift */,
				19CFFE591E6AFDA20053BDEC /* Assets.xcassets */,
				19CFFE5B1E6AFDA20053BDEC /* Main.storyboard */,
				19CFFE5E1E6AFDA20053BDEC /* Info.plist */,
			);
			path = PlaybackSliderDev;
			sourceTree = "<group>";
		};
/* End PBXGroup section */

/* Begin PBXHeadersBuildPhase section */
		19CFFDFD1E6AF5990053BDEC /* Headers */ = {
			isa = PBXHeadersBuildPhase;
			buildActionMask = 2147483647;
			files = (
				19CFFE111E6AF5990053BDEC /* PlaybackSlider.h in Headers */,
			);
			runOnlyForDeploymentPostprocessing = 0;
		};
/* End PBXHeadersBuildPhase section */

/* Begin PBXNativeTarget section */
		19CFFDFF1E6AF5990053BDEC /* PlaybackSlider */ = {
			isa = PBXNativeTarget;
			buildConfigurationList = 19CFFE121E6AF5990053BDEC /* Build configuration list for PBXNativeTarget "PlaybackSlider" */;
			buildPhases = (
				19CFFDFB1E6AF5990053BDEC /* Sources */,
				19CFFDFC1E6AF5990053BDEC /* Frameworks */,
				19CFFDFD1E6AF5990053BDEC /* Headers */,
				19CFFDFE1E6AF5990053BDEC /* Resources */,
			);
			buildRules = (
			);
			dependencies = (
			);
			name = PlaybackSlider;
			productName = PlaybackSlider;
			productReference = 19CFFE001E6AF5990053BDEC /* PlaybackSlider.framework */;
			productType = "com.apple.product-type.framework";
		};
		19CFFE081E6AF5990053BDEC /* PlaybackSliderTests */ = {
			isa = PBXNativeTarget;
			buildConfigurationList = 19CFFE151E6AF5990053BDEC /* Build configuration list for PBXNativeTarget "PlaybackSliderTests" */;
			buildPhases = (
				19CFFE051E6AF5990053BDEC /* Sources */,
				19CFFE061E6AF5990053BDEC /* Frameworks */,
				19CFFE071E6AF5990053BDEC /* Resources */,
			);
			buildRules = (
			);
			dependencies = (
				19CFFE0C1E6AF5990053BDEC /* PBXTargetDependency */,
			);
			name = PlaybackSliderTests;
			productName = PlaybackSliderTests;
			productReference = 19CFFE091E6AF5990053BDEC /* PlaybackSliderTests.xctest */;
			productType = "com.apple.product-type.bundle.unit-test";
		};
		19CFFE521E6AFDA20053BDEC /* PlaybackSliderDev */ = {
			isa = PBXNativeTarget;
			buildConfigurationList = 19CFFE5F1E6AFDA20053BDEC /* Build configuration list for PBXNativeTarget "PlaybackSliderDev" */;
			buildPhases = (
				19CFFE4F1E6AFDA20053BDEC /* Sources */,
				19CFFE501E6AFDA20053BDEC /* Frameworks */,
				19CFFE511E6AFDA20053BDEC /* Resources */,
			);
			buildRules = (
			);
			dependencies = (
				19CFFE631E6AFDD70053BDEC /* PBXTargetDependency */,
			);
			name = PlaybackSliderDev;
			productName = PlaybackSliderDev;
			productReference = 19CFFE531E6AFDA20053BDEC /* PlaybackSliderDev.app */;
			productType = "com.apple.product-type.application";
		};
/* End PBXNativeTarget section */

/* Begin PBXProject section */
		19CFFDF51E6AF21E0053BDEC /* Project object */ = {
			isa = PBXProject;
			attributes = {
				LastSwiftUpdateCheck = 0820;
				LastUpgradeCheck = 0820;
				TargetAttributes = {
					19CFFDFF1E6AF5990053BDEC = {
						CreatedOnToolsVersion = 8.2.1;
						DevelopmentTeam = 4D3WCELAM5;
						LastSwiftMigration = 0820;
						ProvisioningStyle = Automatic;
					};
					19CFFE081E6AF5990053BDEC = {
						CreatedOnToolsVersion = 8.2.1;
						DevelopmentTeam = 4D3WCELAM5;
						ProvisioningStyle = Automatic;
					};
					19CFFE521E6AFDA20053BDEC = {
						CreatedOnToolsVersion = 8.2.1;
						DevelopmentTeam = 4D3WCELAM5;
						ProvisioningStyle = Automatic;
					};
				};
			};
			buildConfigurationList = 19CFFDF81E6AF21E0053BDEC /* Build configuration list for PBXProject "PlaybackSlider" */;
			compatibilityVersion = "Xcode 3.2";
			developmentRegion = English;
			hasScannedForEncodings = 0;
			knownRegions = (
				en,
				Base,
			);
			mainGroup = 19CFFDF41E6AF21E0053BDEC;
			productRefGroup = 19CFFE011E6AF5990053BDEC /* Products */;
			projectDirPath = "";
			projectRoot = "";
			targets = (
				19CFFDFF1E6AF5990053BDEC /* PlaybackSlider */,
				19CFFE081E6AF5990053BDEC /* PlaybackSliderTests */,
				19CFFE521E6AFDA20053BDEC /* PlaybackSliderDev */,
			);
		};
/* End PBXProject section */

/* Begin PBXResourcesBuildPhase section */
		19CFFDFE1E6AF5990053BDEC /* Resources */ = {
			isa = PBXResourcesBuildPhase;
			buildActionMask = 2147483647;
			files = (
				19CFFE681E6B03890053BDEC /* PlaybackSlider.podspec in Resources */,
			);
			runOnlyForDeploymentPostprocessing = 0;
		};
		19CFFE071E6AF5990053BDEC /* Resources */ = {
			isa = PBXResourcesBuildPhase;
			buildActionMask = 2147483647;
			files = (
			);
			runOnlyForDeploymentPostprocessing = 0;
		};
		19CFFE511E6AFDA20053BDEC /* Resources */ = {
			isa = PBXResourcesBuildPhase;
			buildActionMask = 2147483647;
			files = (
				19CFFE5A1E6AFDA20053BDEC /* Assets.xcassets in Resources */,
				19CFFE5D1E6AFDA20053BDEC /* Main.storyboard in Resources */,
			);
			runOnlyForDeploymentPostprocessing = 0;
		};
/* End PBXResourcesBuildPhase section */

/* Begin PBXSourcesBuildPhase section */
		19CFFDFB1E6AF5990053BDEC /* Sources */ = {
			isa = PBXSourcesBuildPhase;
			buildActionMask = 2147483647;
			files = (
				19CFFE4E1E6AFCDF0053BDEC /* PlaybackSlider.swift in Sources */,
				19CFFE651E6B007A0053BDEC /* CachedSegment.swift in Sources */,
			);
			runOnlyForDeploymentPostprocessing = 0;
		};
		19CFFE051E6AF5990053BDEC /* Sources */ = {
			isa = PBXSourcesBuildPhase;
			buildActionMask = 2147483647;
			files = (
				19CFFE0F1E6AF5990053BDEC /* PlaybackSliderTests.swift in Sources */,
			);
			runOnlyForDeploymentPostprocessing = 0;
		};
		19CFFE4F1E6AFDA20053BDEC /* Sources */ = {
			isa = PBXSourcesBuildPhase;
			buildActionMask = 2147483647;
			files = (
				19CFFE581E6AFDA20053BDEC /* ViewController.swift in Sources */,
				19CFFE561E6AFDA20053BDEC /* AppDelegate.swift in Sources */,
			);
			runOnlyForDeploymentPostprocessing = 0;
		};
/* End PBXSourcesBuildPhase section */

/* Begin PBXTargetDependency section */
		19CFFE0C1E6AF5990053BDEC /* PBXTargetDependency */ = {
			isa = PBXTargetDependency;
			target = 19CFFDFF1E6AF5990053BDEC /* PlaybackSlider */;
			targetProxy = 19CFFE0B1E6AF5990053BDEC /* PBXContainerItemProxy */;
		};
		19CFFE631E6AFDD70053BDEC /* PBXTargetDependency */ = {
			isa = PBXTargetDependency;
			target = 19CFFDFF1E6AF5990053BDEC /* PlaybackSlider */;
			targetProxy = 19CFFE621E6AFDD70053BDEC /* PBXContainerItemProxy */;
		};
/* End PBXTargetDependency section */

/* Begin PBXVariantGroup section */
		19CFFE5B1E6AFDA20053BDEC /* Main.storyboard */ = {
			isa = PBXVariantGroup;
			children = (
				19CFFE5C1E6AFDA20053BDEC /* Base */,
			);
			name = Main.storyboard;
			sourceTree = "<group>";
		};
/* End PBXVariantGroup section */

/* Begin XCBuildConfiguration section */
		19CFFDF91E6AF21E0053BDEC /* Debug */ = {
			isa = XCBuildConfiguration;
			buildSettings = {
			};
			name = Debug;
		};
		19CFFDFA1E6AF21E0053BDEC /* Release */ = {
			isa = XCBuildConfiguration;
			buildSettings = {
			};
			name = Release;
		};
		19CFFE131E6AF5990053BDEC /* Debug */ = {
			isa = XCBuildConfiguration;
			buildSettings = {
				ALWAYS_SEARCH_USER_PATHS = NO;
				CLANG_ANALYZER_NONNULL = YES;
				CLANG_CXX_LANGUAGE_STANDARD = "gnu++0x";
				CLANG_CXX_LIBRARY = "libc++";
				CLANG_ENABLE_MODULES = YES;
				CLANG_ENABLE_OBJC_ARC = YES;
				CLANG_WARN_BOOL_CONVERSION = YES;
				CLANG_WARN_CONSTANT_CONVERSION = YES;
				CLANG_WARN_DIRECT_OBJC_ISA_USAGE = YES_ERROR;
				CLANG_WARN_DOCUMENTATION_COMMENTS = YES;
				CLANG_WARN_EMPTY_BODY = YES;
				CLANG_WARN_ENUM_CONVERSION = YES;
				CLANG_WARN_INFINITE_RECURSION = YES;
				CLANG_WARN_INT_CONVERSION = YES;
				CLANG_WARN_OBJC_ROOT_CLASS = YES_ERROR;
				CLANG_WARN_SUSPICIOUS_MOVE = YES;
				CLANG_WARN_UNREACHABLE_CODE = YES;
				CLANG_WARN__DUPLICATE_METHOD_MATCH = YES;
				CODE_SIGN_IDENTITY = "-";
				COMBINE_HIDPI_IMAGES = YES;
				COPY_PHASE_STRIP = NO;
				CURRENT_PROJECT_VERSION = 1;
				DEBUG_INFORMATION_FORMAT = dwarf;
				DEFINES_MODULE = YES;
				DEVELOPMENT_TEAM = 4D3WCELAM5;
				DYLIB_COMPATIBILITY_VERSION = 1;
				DYLIB_CURRENT_VERSION = 1;
				DYLIB_INSTALL_NAME_BASE = "@rpath";
				ENABLE_STRICT_OBJC_MSGSEND = YES;
				ENABLE_TESTABILITY = YES;
				FRAMEWORK_VERSION = A;
				GCC_C_LANGUAGE_STANDARD = gnu99;
				GCC_DYNAMIC_NO_PIC = NO;
				GCC_NO_COMMON_BLOCKS = YES;
				GCC_OPTIMIZATION_LEVEL = 0;
				GCC_PREPROCESSOR_DEFINITIONS = (
					"DEBUG=1",
					"$(inherited)",
				);
				GCC_WARN_64_TO_32_BIT_CONVERSION = YES;
				GCC_WARN_ABOUT_RETURN_TYPE = YES_ERROR;
				GCC_WARN_UNDECLARED_SELECTOR = YES;
				GCC_WARN_UNINITIALIZED_AUTOS = YES_AGGRESSIVE;
				GCC_WARN_UNUSED_FUNCTION = YES;
				GCC_WARN_UNUSED_VARIABLE = YES;
				INFOPLIST_FILE = PlaybackSlider/Info.plist;
				INSTALL_PATH = "$(LOCAL_LIBRARY_DIR)/Frameworks";
				LD_RUNPATH_SEARCH_PATHS = "$(inherited) @executable_path/../Frameworks @loader_path/Frameworks";
				MACOSX_DEPLOYMENT_TARGET = 10.12;
				MTL_ENABLE_DEBUG_INFO = YES;
				ONLY_ACTIVE_ARCH = YES;
				PRODUCT_BUNDLE_IDENTIFIER = com.kreuz45.PlaybackSlider;
				PRODUCT_NAME = "$(TARGET_NAME)";
				SDKROOT = macosx;
				SKIP_INSTALL = YES;
				SWIFT_ACTIVE_COMPILATION_CONDITIONS = DEBUG;
				SWIFT_OPTIMIZATION_LEVEL = "-Onone";
				SWIFT_VERSION = 3.0;
				VERSIONING_SYSTEM = "apple-generic";
				VERSION_INFO_PREFIX = "";
			};
			name = Debug;
		};
		19CFFE141E6AF5990053BDEC /* Release */ = {
			isa = XCBuildConfiguration;
			buildSettings = {
				ALWAYS_SEARCH_USER_PATHS = NO;
				CLANG_ANALYZER_NONNULL = YES;
				CLANG_CXX_LANGUAGE_STANDARD = "gnu++0x";
				CLANG_CXX_LIBRARY = "libc++";
				CLANG_ENABLE_MODULES = YES;
				CLANG_ENABLE_OBJC_ARC = YES;
				CLANG_WARN_BOOL_CONVERSION = YES;
				CLANG_WARN_CONSTANT_CONVERSION = YES;
				CLANG_WARN_DIRECT_OBJC_ISA_USAGE = YES_ERROR;
				CLANG_WARN_DOCUMENTATION_COMMENTS = YES;
				CLANG_WARN_EMPTY_BODY = YES;
				CLANG_WARN_ENUM_CONVERSION = YES;
				CLANG_WARN_INFINITE_RECURSION = YES;
				CLANG_WARN_INT_CONVERSION = YES;
				CLANG_WARN_OBJC_ROOT_CLASS = YES_ERROR;
				CLANG_WARN_SUSPICIOUS_MOVE = YES;
				CLANG_WARN_UNREACHABLE_CODE = YES;
				CLANG_WARN__DUPLICATE_METHOD_MATCH = YES;
				CODE_SIGN_IDENTITY = "-";
				COMBINE_HIDPI_IMAGES = YES;
				COPY_PHASE_STRIP = NO;
				CURRENT_PROJECT_VERSION = 1;
				DEBUG_INFORMATION_FORMAT = "dwarf-with-dsym";
				DEFINES_MODULE = YES;
				DEVELOPMENT_TEAM = 4D3WCELAM5;
				DYLIB_COMPATIBILITY_VERSION = 1;
				DYLIB_CURRENT_VERSION = 1;
				DYLIB_INSTALL_NAME_BASE = "@rpath";
				ENABLE_NS_ASSERTIONS = NO;
				ENABLE_STRICT_OBJC_MSGSEND = YES;
				FRAMEWORK_VERSION = A;
				GCC_C_LANGUAGE_STANDARD = gnu99;
				GCC_NO_COMMON_BLOCKS = YES;
				GCC_WARN_64_TO_32_BIT_CONVERSION = YES;
				GCC_WARN_ABOUT_RETURN_TYPE = YES_ERROR;
				GCC_WARN_UNDECLARED_SELECTOR = YES;
				GCC_WARN_UNINITIALIZED_AUTOS = YES_AGGRESSIVE;
				GCC_WARN_UNUSED_FUNCTION = YES;
				GCC_WARN_UNUSED_VARIABLE = YES;
				INFOPLIST_FILE = PlaybackSlider/Info.plist;
				INSTALL_PATH = "$(LOCAL_LIBRARY_DIR)/Frameworks";
				LD_RUNPATH_SEARCH_PATHS = "$(inherited) @executable_path/../Frameworks @loader_path/Frameworks";
				MACOSX_DEPLOYMENT_TARGET = 10.12;
				MTL_ENABLE_DEBUG_INFO = NO;
				PRODUCT_BUNDLE_IDENTIFIER = com.kreuz45.PlaybackSlider;
				PRODUCT_NAME = "$(TARGET_NAME)";
				SDKROOT = macosx;
				SKIP_INSTALL = YES;
				SWIFT_OPTIMIZATION_LEVEL = "-Owholemodule";
				SWIFT_VERSION = 3.0;
				VERSIONING_SYSTEM = "apple-generic";
				VERSION_INFO_PREFIX = "";
			};
			name = Release;
		};
		19CFFE161E6AF5990053BDEC /* Debug */ = {
			isa = XCBuildConfiguration;
			buildSettings = {
				ALWAYS_EMBED_SWIFT_STANDARD_LIBRARIES = YES;
				ALWAYS_SEARCH_USER_PATHS = NO;
				CLANG_ANALYZER_NONNULL = YES;
				CLANG_CXX_LANGUAGE_STANDARD = "gnu++0x";
				CLANG_CXX_LIBRARY = "libc++";
				CLANG_ENABLE_MODULES = YES;
				CLANG_ENABLE_OBJC_ARC = YES;
				CLANG_WARN_BOOL_CONVERSION = YES;
				CLANG_WARN_CONSTANT_CONVERSION = YES;
				CLANG_WARN_DIRECT_OBJC_ISA_USAGE = YES_ERROR;
				CLANG_WARN_DOCUMENTATION_COMMENTS = YES;
				CLANG_WARN_EMPTY_BODY = YES;
				CLANG_WARN_ENUM_CONVERSION = YES;
				CLANG_WARN_INFINITE_RECURSION = YES;
				CLANG_WARN_INT_CONVERSION = YES;
				CLANG_WARN_OBJC_ROOT_CLASS = YES_ERROR;
				CLANG_WARN_SUSPICIOUS_MOVE = YES;
				CLANG_WARN_UNREACHABLE_CODE = YES;
				CLANG_WARN__DUPLICATE_METHOD_MATCH = YES;
				CODE_SIGN_IDENTITY = "-";
				COMBINE_HIDPI_IMAGES = YES;
				COPY_PHASE_STRIP = NO;
				DEBUG_INFORMATION_FORMAT = dwarf;
				DEVELOPMENT_TEAM = 4D3WCELAM5;
				ENABLE_STRICT_OBJC_MSGSEND = YES;
				ENABLE_TESTABILITY = YES;
				GCC_C_LANGUAGE_STANDARD = gnu99;
				GCC_DYNAMIC_NO_PIC = NO;
				GCC_NO_COMMON_BLOCKS = YES;
				GCC_OPTIMIZATION_LEVEL = 0;
				GCC_PREPROCESSOR_DEFINITIONS = (
					"DEBUG=1",
					"$(inherited)",
				);
				GCC_WARN_64_TO_32_BIT_CONVERSION = YES;
				GCC_WARN_ABOUT_RETURN_TYPE = YES_ERROR;
				GCC_WARN_UNDECLARED_SELECTOR = YES;
				GCC_WARN_UNINITIALIZED_AUTOS = YES_AGGRESSIVE;
				GCC_WARN_UNUSED_FUNCTION = YES;
				GCC_WARN_UNUSED_VARIABLE = YES;
				INFOPLIST_FILE = PlaybackSliderTests/Info.plist;
				LD_RUNPATH_SEARCH_PATHS = "$(inherited) @executable_path/../Frameworks @loader_path/../Frameworks";
				MACOSX_DEPLOYMENT_TARGET = 10.12;
				MTL_ENABLE_DEBUG_INFO = YES;
				ONLY_ACTIVE_ARCH = YES;
				PRODUCT_BUNDLE_IDENTIFIER = com.kreuz45.PlaybackSliderTests;
				PRODUCT_NAME = "$(TARGET_NAME)";
				SDKROOT = macosx;
				SWIFT_ACTIVE_COMPILATION_CONDITIONS = DEBUG;
				SWIFT_OPTIMIZATION_LEVEL = "-Onone";
				SWIFT_VERSION = 3.0;
			};
			name = Debug;
		};
		19CFFE171E6AF5990053BDEC /* Release */ = {
			isa = XCBuildConfiguration;
			buildSettings = {
				ALWAYS_EMBED_SWIFT_STANDARD_LIBRARIES = YES;
				ALWAYS_SEARCH_USER_PATHS = NO;
				CLANG_ANALYZER_NONNULL = YES;
				CLANG_CXX_LANGUAGE_STANDARD = "gnu++0x";
				CLANG_CXX_LIBRARY = "libc++";
				CLANG_ENABLE_MODULES = YES;
				CLANG_ENABLE_OBJC_ARC = YES;
				CLANG_WARN_BOOL_CONVERSION = YES;
				CLANG_WARN_CONSTANT_CONVERSION = YES;
				CLANG_WARN_DIRECT_OBJC_ISA_USAGE = YES_ERROR;
				CLANG_WARN_DOCUMENTATION_COMMENTS = YES;
				CLANG_WARN_EMPTY_BODY = YES;
				CLANG_WARN_ENUM_CONVERSION = YES;
				CLANG_WARN_INFINITE_RECURSION = YES;
				CLANG_WARN_INT_CONVERSION = YES;
				CLANG_WARN_OBJC_ROOT_CLASS = YES_ERROR;
				CLANG_WARN_SUSPICIOUS_MOVE = YES;
				CLANG_WARN_UNREACHABLE_CODE = YES;
				CLANG_WARN__DUPLICATE_METHOD_MATCH = YES;
				CODE_SIGN_IDENTITY = "-";
				COMBINE_HIDPI_IMAGES = YES;
				COPY_PHASE_STRIP = NO;
				DEBUG_INFORMATION_FORMAT = "dwarf-with-dsym";
				DEVELOPMENT_TEAM = 4D3WCELAM5;
				ENABLE_NS_ASSERTIONS = NO;
				ENABLE_STRICT_OBJC_MSGSEND = YES;
				GCC_C_LANGUAGE_STANDARD = gnu99;
				GCC_NO_COMMON_BLOCKS = YES;
				GCC_WARN_64_TO_32_BIT_CONVERSION = YES;
				GCC_WARN_ABOUT_RETURN_TYPE = YES_ERROR;
				GCC_WARN_UNDECLARED_SELECTOR = YES;
				GCC_WARN_UNINITIALIZED_AUTOS = YES_AGGRESSIVE;
				GCC_WARN_UNUSED_FUNCTION = YES;
				GCC_WARN_UNUSED_VARIABLE = YES;
				INFOPLIST_FILE = PlaybackSliderTests/Info.plist;
				LD_RUNPATH_SEARCH_PATHS = "$(inherited) @executable_path/../Frameworks @loader_path/../Frameworks";
				MACOSX_DEPLOYMENT_TARGET = 10.12;
				MTL_ENABLE_DEBUG_INFO = NO;
				PRODUCT_BUNDLE_IDENTIFIER = com.kreuz45.PlaybackSliderTests;
				PRODUCT_NAME = "$(TARGET_NAME)";
				SDKROOT = macosx;
				SWIFT_OPTIMIZATION_LEVEL = "-Owholemodule";
				SWIFT_VERSION = 3.0;
			};
			name = Release;
		};
		19CFFE601E6AFDA20053BDEC /* Debug */ = {
			isa = XCBuildConfiguration;
			buildSettings = {
				ALWAYS_SEARCH_USER_PATHS = NO;
				ASSETCATALOG_COMPILER_APPICON_NAME = AppIcon;
				CLANG_ANALYZER_NONNULL = YES;
				CLANG_CXX_LANGUAGE_STANDARD = "gnu++0x";
				CLANG_CXX_LIBRARY = "libc++";
				CLANG_ENABLE_MODULES = YES;
				CLANG_ENABLE_OBJC_ARC = YES;
				CLANG_WARN_BOOL_CONVERSION = YES;
				CLANG_WARN_CONSTANT_CONVERSION = YES;
				CLANG_WARN_DIRECT_OBJC_ISA_USAGE = YES_ERROR;
				CLANG_WARN_DOCUMENTATION_COMMENTS = YES;
				CLANG_WARN_EMPTY_BODY = YES;
				CLANG_WARN_ENUM_CONVERSION = YES;
				CLANG_WARN_INFINITE_RECURSION = YES;
				CLANG_WARN_INT_CONVERSION = YES;
				CLANG_WARN_OBJC_ROOT_CLASS = YES_ERROR;
				CLANG_WARN_SUSPICIOUS_MOVE = YES;
				CLANG_WARN_UNREACHABLE_CODE = YES;
				CLANG_WARN__DUPLICATE_METHOD_MATCH = YES;
				CODE_SIGN_IDENTITY = "-";
				COMBINE_HIDPI_IMAGES = YES;
				COPY_PHASE_STRIP = NO;
				DEBUG_INFORMATION_FORMAT = dwarf;
				DEVELOPMENT_TEAM = 4D3WCELAM5;
				ENABLE_STRICT_OBJC_MSGSEND = YES;
				ENABLE_TESTABILITY = YES;
				GCC_C_LANGUAGE_STANDARD = gnu99;
				GCC_DYNAMIC_NO_PIC = NO;
				GCC_NO_COMMON_BLOCKS = YES;
				GCC_OPTIMIZATION_LEVEL = 0;
				GCC_PREPROCESSOR_DEFINITIONS = (
					"DEBUG=1",
					"$(inherited)",
				);
				GCC_WARN_64_TO_32_BIT_CONVERSION = YES;
				GCC_WARN_ABOUT_RETURN_TYPE = YES_ERROR;
				GCC_WARN_UNDECLARED_SELECTOR = YES;
				GCC_WARN_UNINITIALIZED_AUTOS = YES_AGGRESSIVE;
				GCC_WARN_UNUSED_FUNCTION = YES;
				GCC_WARN_UNUSED_VARIABLE = YES;
				INFOPLIST_FILE = PlaybackSliderDev/Info.plist;
				LD_RUNPATH_SEARCH_PATHS = "$(inherited) @executable_path/../Frameworks";
				MACOSX_DEPLOYMENT_TARGET = 10.12;
				MTL_ENABLE_DEBUG_INFO = YES;
				ONLY_ACTIVE_ARCH = YES;
				PRODUCT_BUNDLE_IDENTIFIER = com.kreuz45.PlaybackSliderDev;
				PRODUCT_NAME = "$(TARGET_NAME)";
				SDKROOT = macosx;
				SWIFT_ACTIVE_COMPILATION_CONDITIONS = DEBUG;
				SWIFT_OPTIMIZATION_LEVEL = "-Onone";
				SWIFT_VERSION = 3.0;
			};
			name = Debug;
		};
		19CFFE611E6AFDA20053BDEC /* Release */ = {
			isa = XCBuildConfiguration;
			buildSettings = {
				ALWAYS_SEARCH_USER_PATHS = NO;
				ASSETCATALOG_COMPILER_APPICON_NAME = AppIcon;
				CLANG_ANALYZER_NONNULL = YES;
				CLANG_CXX_LANGUAGE_STANDARD = "gnu++0x";
				CLANG_CXX_LIBRARY = "libc++";
				CLANG_ENABLE_MODULES = YES;
				CLANG_ENABLE_OBJC_ARC = YES;
				CLANG_WARN_BOOL_CONVERSION = YES;
				CLANG_WARN_CONSTANT_CONVERSION = YES;
				CLANG_WARN_DIRECT_OBJC_ISA_USAGE = YES_ERROR;
				CLANG_WARN_DOCUMENTATION_COMMENTS = YES;
				CLANG_WARN_EMPTY_BODY = YES;
				CLANG_WARN_ENUM_CONVERSION = YES;
				CLANG_WARN_INFINITE_RECURSION = YES;
				CLANG_WARN_INT_CONVERSION = YES;
				CLANG_WARN_OBJC_ROOT_CLASS = YES_ERROR;
				CLANG_WARN_SUSPICIOUS_MOVE = YES;
				CLANG_WARN_UNREACHABLE_CODE = YES;
				CLANG_WARN__DUPLICATE_METHOD_MATCH = YES;
				CODE_SIGN_IDENTITY = "-";
				COMBINE_HIDPI_IMAGES = YES;
				COPY_PHASE_STRIP = NO;
				DEBUG_INFORMATION_FORMAT = "dwarf-with-dsym";
				DEVELOPMENT_TEAM = 4D3WCELAM5;
				ENABLE_NS_ASSERTIONS = NO;
				ENABLE_STRICT_OBJC_MSGSEND = YES;
				GCC_C_LANGUAGE_STANDARD = gnu99;
				GCC_NO_COMMON_BLOCKS = YES;
				GCC_WARN_64_TO_32_BIT_CONVERSION = YES;
				GCC_WARN_ABOUT_RETURN_TYPE = YES_ERROR;
				GCC_WARN_UNDECLARED_SELECTOR = YES;
				GCC_WARN_UNINITIALIZED_AUTOS = YES_AGGRESSIVE;
				GCC_WARN_UNUSED_FUNCTION = YES;
				GCC_WARN_UNUSED_VARIABLE = YES;
				INFOPLIST_FILE = PlaybackSliderDev/Info.plist;
				LD_RUNPATH_SEARCH_PATHS = "$(inherited) @executable_path/../Frameworks";
				MACOSX_DEPLOYMENT_TARGET = 10.12;
				MTL_ENABLE_DEBUG_INFO = NO;
				PRODUCT_BUNDLE_IDENTIFIER = com.kreuz45.PlaybackSliderDev;
				PRODUCT_NAME = "$(TARGET_NAME)";
				SDKROOT = macosx;
				SWIFT_OPTIMIZATION_LEVEL = "-Owholemodule";
				SWIFT_VERSION = 3.0;
			};
			name = Release;
		};
/* End XCBuildConfiguration section */

/* Begin XCConfigurationList section */
		19CFFDF81E6AF21E0053BDEC /* Build configuration list for PBXProject "PlaybackSlider" */ = {
			isa = XCConfigurationList;
			buildConfigurations = (
				19CFFDF91E6AF21E0053BDEC /* Debug */,
				19CFFDFA1E6AF21E0053BDEC /* Release */,
			);
			defaultConfigurationIsVisible = 0;
			defaultConfigurationName = Release;
		};
		19CFFE121E6AF5990053BDEC /* Build configuration list for PBXNativeTarget "PlaybackSlider" */ = {
			isa = XCConfigurationList;
			buildConfigurations = (
				19CFFE131E6AF5990053BDEC /* Debug */,
				19CFFE141E6AF5990053BDEC /* Release */,
			);
			defaultConfigurationIsVisible = 0;
			defaultConfigurationName = Release;
		};
		19CFFE151E6AF5990053BDEC /* Build configuration list for PBXNativeTarget "PlaybackSliderTests" */ = {
			isa = XCConfigurationList;
			buildConfigurations = (
				19CFFE161E6AF5990053BDEC /* Debug */,
				19CFFE171E6AF5990053BDEC /* Release */,
			);
			defaultConfigurationIsVisible = 0;
			defaultConfigurationName = Release;
		};
		19CFFE5F1E6AFDA20053BDEC /* Build configuration list for PBXNativeTarget "PlaybackSliderDev" */ = {
			isa = XCConfigurationList;
			buildConfigurations = (
				19CFFE601E6AFDA20053BDEC /* Debug */,
				19CFFE611E6AFDA20053BDEC /* Release */,
			);
			defaultConfigurationIsVisible = 0;
		};
/* End XCConfigurationList section */
	};
	rootObject = 19CFFDF51E6AF21E0053BDEC /* Project object */;
}
